
Microsoft Visual Studio Solution File, Format Version 12.00
# Visual Studio Version 16
VisualStudioVersion = 16.0.31313.79
MinimumVisualStudioVersion = 10.0.40219.1
Project("{FAE04EC0-301F-11D3-BF4B-00C04F79EFBC}") = "SC4_SDK_App", "SC4_SDK_App\SC4_SDK_App.csproj", "{072BA5DB-91E2-4F2B-BE8F-0DFA1C60FC4F}"
EndProject
Project("{FAE04EC0-301F-11D3-BF4B-00C04F79EFBC}") = "sc4_ble", "sc4_ble\sc4_ble.csproj", "{A9FDCE52-A0B7-4555-A503-77A1775A2CB6}"
EndProject
Global
	GlobalSection(SolutionConfigurationPlatforms) = preSolution
		Debug|Any CPU = Debug|Any CPU
		Release|Any CPU = Release|Any CPU
	EndGlobalSection
	GlobalSection(ProjectConfigurationPlatforms) = postSolution
		{072BA5DB-91E2-4F2B-BE8F-0DFA1C60FC4F}.Debug|Any CPU.ActiveCfg = Debug|Any CPU
		{072BA5DB-91E2-4F2B-BE8F-0DFA1C60FC4F}.Debug|Any CPU.Build.0 = Debug|Any CPU
		{072BA5DB-91E2-4F2B-BE8F-0DFA1C60FC4F}.Release|Any CPU.ActiveCfg = Release|Any CPU
		{072BA5DB-91E2-4F2B-BE8F-0DFA1C60FC4F}.Release|Any CPU.Build.0 = Release|Any CPU
		{A9FDCE52-A0B7-4555-A503-77A1775A2CB6}.Debug|Any CPU.ActiveCfg = Debug|Any CPU
		{A9FDCE52-A0B7-4555-A503-77A1775A2CB6}.Debug|Any CPU.Build.0 = Debug|Any CPU
		{A9FDCE52-A0B7-4555-A503-77A1775A2CB6}.Release|Any CPU.ActiveCfg = Release|Any CPU
		{A9FDCE52-A0B7-4555-A503-77A1775A2CB6}.Release|Any CPU.Build.0 = Release|Any CPU
	EndGlobalSection
	GlobalSection(SolutionProperties) = preSolution
		HideSolutionNode = FALSE
	EndGlobalSection
	GlobalSection(ExtensibilityGlobals) = postSolution
		SolutionGuid = {18C42D43-EA33-4134-BE19-DAE9D9835CAF}
	EndGlobalSection
EndGlobal
